PODS:
  - Alamofire (4.9.1)
  - AlamofireImage (3.6.0):
    - Alamofire (~> 4.9)
  - AlamofireNetworkActivityIndicator (2.4.0):
    - Alamofire (~> 4.8)
  - IQKeyboardManager (6.5.6)
  - MBProgressHUD (0.9.2)
  - Sentry (5.2.0):
    - Sentry/Core (= 5.2.0)
  - Sentry/Core (5.2.0)
  - SnapKit (4.2.0)
  - SwiftyJSON (5.0.0)

DEPENDENCIES:
  - Alamofire (~> 4.9)
  - AlamofireImage (~> 3.6)
  - AlamofireNetworkActivityIndicator (~> 2.4)
  - IQKeyboardManager
  - MBProgressHUD
  - Sentry (from `https://github.com/getsentry/sentry-cocoa.git`, tag `5.2.0`)
  - SnapKit (~> 4.0)
  - SwiftyJSON

SPEC REPOS:
  trunk:
    - Alamofire
    - AlamofireImage
    - AlamofireNetworkActivityIndicator
    - IQKeyboardManager
    - MBProgressHUD
    - SnapKit
    - SwiftyJSON

EXTERNAL SOURCES:
  Sentry:
    :git: https://github.com/getsentry/sentry-cocoa.git
    :tag: 5.2.0

CHECKOUT OPTIONS:
  Sentry:
    :git: https://github.com/getsentry/sentry-cocoa.git
    :tag: 5.2.0

SPEC CHECKSUMS:
  Alamofire: 85e8a02c69d6020a0d734f6054870d7ecb75cf18
  AlamofireImage: be9963c6582d68b39e89191f64c82a7d7bf40fdd
  AlamofireNetworkActivityIndicator: 9acc3de3ca6645bf0efed462396b0df13dd3e7b8
  IQKeyboardManager: 2a6e97afdafc7becf0cb17a9a8d795e3a980717f
  MBProgressHUD: 1569cf7ace17a8bac47aabfbb8580a49690386d1
  Sentry: 6e04bc3e11bf771ca79140a112de64dcfbc7d8cb
  SnapKit: fe8a619752f3f27075cc9a90244d75c6c3f27e2a
  SwiftyJSON: 36413e04c44ee145039d332b4f4e2d3e8d6c4db7

PODFILE CHECKSUM: fa9404da00bd63514f9f697229246343c1221e81

COCOAPODS: 1.9.3
