PODS:
  - Alamofire (4.8.2)
  - AlamofireImage (3.5.2):
    - Alamofire (~> 4.8)
  - AlamofireNetworkActivityIndicator (2.4.0):
    - Alamofire (~> 4.8)
  - IQKeyboardManager (4.0.2)
  - MBProgressHUD (0.9.2)
  - Sentry (5.2.0):
    - Sentry/Core (= 5.2.0)
  - Sentry/Core (5.2.0)
  - SnapKit (4.2.0)
  - SwiftLint (0.40.0)
  - SwiftyJSON (3.1.0)

DEPENDENCIES:
  - Alamofire (~> 4.8)
  - AlamofireImage (~> 3.5)
  - AlamofireNetworkActivityIndicator (~> 2.4)
  - IQKeyboardManager
  - MBProgressHUD
  - Sentry (from `https://github.com/getsentry/sentry-cocoa.git`, tag `5.2.0`)
  - SnapKit (~> 4.0)
  - SwiftLint
  - SwiftyJSON

SPEC REPOS:
  trunk:
    - Alamofire
    - AlamofireImage
    - AlamofireNetworkActivityIndicator
    - IQKeyboardManager
    - MBProgressHUD
    - SnapKit
    - SwiftLint
    - SwiftyJSON

EXTERNAL SOURCES:
  Sentry:
    :git: https://github.com/getsentry/sentry-cocoa.git
    :tag: 5.2.0

CHECKOUT OPTIONS:
  Sentry:
    :git: https://github.com/getsentry/sentry-cocoa.git
    :tag: 5.2.0

SPEC CHECKSUMS:
  Alamofire: ae5c501addb7afdbb13687d7f2f722c78734c2d3
  AlamofireImage: 63cfe3baf1370be6c498149687cf6db3e3b00999
  AlamofireNetworkActivityIndicator: 9acc3de3ca6645bf0efed462396b0df13dd3e7b8
  IQKeyboardManager: 2341089c4ae25fa2fa82ce356a259fcd267dc6b6
  MBProgressHUD: 1569cf7ace17a8bac47aabfbb8580a49690386d1
  Sentry: 6e04bc3e11bf771ca79140a112de64dcfbc7d8cb
  SnapKit: fe8a619752f3f27075cc9a90244d75c6c3f27e2a
  SwiftLint: 4154893c73a4c52d6240195507eb7a3e3c64087e
  SwiftyJSON: 29b9f2a64f118c07e691667c2ba1efe536acfe0b

PODFILE CHECKSUM: 502868dc79695aad61a01c6307a74632fdf42c93

COCOAPODS: 1.9.3
