{
  "originHash" : "aa72db5bf8a6483009e722818f5aa2f8c2fb23032be675b0ee51310237f6cb1f",
  "pins" : [
    {
      "identity" : "alamofire",
      "kind" : "remoteSourceControl",
      "location" : "https://github.com/Alamofire/Alamofire.git",
      "state" : {
        "revision" : "78424be314842833c04bc3bef5b72e85fff99204",
        "version" : "5.6.4"
      }
    },
    {
      "identity" : "alamofireimage",
      "kind" : "remoteSourceControl",
      "location" : "https://github.com/Alamofire/AlamofireImage.git",
      "state" : {
        "revision" : "98cbb00ce0ec5fc8e52a5b50a6bfc08d3e5aee10",
        "version" : "4.2.0"
      }
    },
    {
      "identity" : "alamofirenetworkactivityindicator",
      "kind" : "remoteSourceControl",
      "location" : "https://github.com/Alamofire/AlamofireNetworkActivityIndicator",
      "state" : {
        "revision" : "392bed083e8d193aca16bfa684ee24e4bcff0510",
        "version" : "3.1.0"
      }
    },
    {
      "identity" : "coredataevolution",
      "kind" : "remoteSourceControl",
      "location" : "https://github.com/fatbobman/CoreDataEvolution.git",
      "state" : {
        "revision" : "e0ea360c1e4cf920806d504097817f4c23e04e1e",
        "version" : "0.4.2"
      }
    },
{
      "identity" : "iqkeyboardcore",
      "kind" : "remoteSourceControl",
      "location" : "https://github.com/hackiftekhar/IQKeyboardCore.git",
      "state" : {
        "revision" : "6501e93b03161ce1c9355d2d689bad91c534104e",
        "version" : "1.0.8"
      }
    },
    {
      "identity" : "iqkeyboardmanager",
      "kind" : "remoteSourceControl",
      "location" : "https://github.com/hackiftekhar/IQKeyboardManager.git",
      "state" : {
        "revision" : "555472fdb20a96127643d48d101ef981a40993b6",
        "version" : "8.0.1"
      }
    },
    {
      "identity" : "iqkeyboardnotification",
      "kind" : "remoteSourceControl",
      "location" : "https://github.com/hackiftekhar/IQKeyboardNotification.git",
      "state" : {
        "revision" : "08bdc90e7db64ac88f51da5dc9e82f4c247e7057",
        "version" : "1.0.6"
      }
    },
    {
      "identity" : "iqkeyboardreturnmanager",
      "kind" : "remoteSourceControl",
      "location" : "https://github.com/hackiftekhar/IQKeyboardReturnManager.git",
      "state" : {
        "revision" : "495f694a6e62e431d776b4926a18fc26c62db317",
        "version" : "1.0.6"
      }
    },
    {
      "identity" : "iqkeyboardtoolbar",
      "kind" : "remoteSourceControl",
      "location" : "https://github.com/hackiftekhar/IQKeyboardToolbar.git",
      "state" : {
        "revision" : "fbf91109cbc00e295d52c50e4b6dd8fa98f08ca5",
        "version" : "1.1.2"
      }
    },
    {
      "identity" : "iqkeyboardtoolbarmanager",
      "kind" : "remoteSourceControl",
      "location" : "https://github.com/hackiftekhar/IQKeyboardToolbarManager.git",
      "state" : {
        "revision" : "ebbb417870237c4ed8d7a4876c18970c3ae54264",
        "version" : "1.1.4"
      }
    },
    {
      "identity" : "iqtextinputviewnotification",
      "kind" : "remoteSourceControl",
      "location" : "https://github.com/hackiftekhar/IQTextInputViewNotification.git",
      "state" : {
        "revision" : "723784a2197121bb76a940cc6d79fd2fa6c23f43",
        "version" : "1.0.9"
      }
    },
    {
      "identity" : "iqtextview",
      "kind" : "remoteSourceControl",
      "location" : "https://github.com/hackiftekhar/IQTextView.git",
      "state" : {
        "revision" : "76f514eba5218bdf67659168ba227c77da5f75fe",
        "version" : "1.0.5"
      }
    },
    {
      "identity" : "keychain-swift",
      "kind" : "remoteSourceControl",
      "location" : "https://github.com/evgenyneu/keychain-swift.git",
      "state" : {
        "revision" : "d108a1fa6189e661f91560548ef48651ed8d93b9",
        "version" : "20.0.0"
      }
    },
    {
      "identity" : "mbprogresshud",
      "kind" : "remoteSourceControl",
      "location" : "https://github.com/jdg/MBProgressHUD.git",
      "state" : {
        "revision" : "bca42b801100b2b3a4eda0ba8dd33d858c780b0d",
        "version" : "1.2.0"
      }
    },
    {
      "identity" : "snapkit",
      "kind" : "remoteSourceControl",
      "location" : "https://github.com/SnapKit/SnapKit",
      "state" : {
        "revision" : "f222cbdf325885926566172f6f5f06af95473158",
        "version" : "5.6.0"
      }
    },
    {
      "identity" : "swift-collections",
      "kind" : "remoteSourceControl",
      "location" : "https://github.com/apple/swift-collections.git",
      "state" : {
        "revision" : "937e904258d22af6e447a0b72c0bc67583ef64a2",
        "version" : "1.0.4"
      }
    },
    {
      "identity" : "swift-syntax",
      "kind" : "remoteSourceControl",
      "location" : "https://github.com/apple/swift-syntax.git",
      "state" : {
        "revision" : "0687f71944021d616d34d922343dcef086855920",
        "version" : "600.0.1"
      }
    },
    {
      "identity" : "swiftyjson",
      "kind" : "remoteSourceControl",
      "location" : "https://github.com/SwiftyJSON/SwiftyJSON.git",
      "state" : {
        "revision" : "b3dcd7dbd0d488e1a7077cb33b00f2083e382f07",
        "version" : "5.0.1"
      }
    }
  ],
  "version" : 3
}
