// !$*UTF8*$!
{
	archiveVersion = 1;
	classes = {
	};
	objectVersion = 70;
	objects = {

/* Begin PBXBuildFile section */
		A12BA94E1AFF202200AFEF32 /* SystemConfiguration.framework in Frameworks */ = {isa = PBXBuildFile; fileRef = A12BA94D1AFF202200AFEF32 /* SystemConfiguration.framework */; };
		A158DDB61E46EEA10031BD4F /* HealthKit.framework in Frameworks */ = {isa = PBXBuildFile; fileRef = A158DDB51E46EEA10031BD4F /* HealthKit.framework */; };
		A17E930C1B09032F0098FCA0 /* QuartzCore.framework in Frameworks */ = {isa = PBXBuildFile; fileRef = A17E930B1B09032F0098FCA0 /* QuartzCore.framework */; };
		A1B6723E1B0989DF00584782 /* Foundation.framework in Frameworks */ = {isa = PBXBuildFile; fileRef = A1B6723D1B0989DF00584782 /* Foundation.framework */; };
		A1B672401B0989E800584782 /* UIKit.framework in Frameworks */ = {isa = PBXBuildFile; fileRef = A1B6723F1B0989E800584782 /* UIKit.framework */; };
		A1B672421B0989ED00584782 /* CoreGraphics.framework in Frameworks */ = {isa = PBXBuildFile; fileRef = A1B672411B0989ED00584782 /* CoreGraphics.framework */; };
		E4015DA22D1E7B2D00F58D94 /* CoreDataEvolution in Frameworks */ = {isa = PBXBuildFile; productRef = E4015DA12D1E7B2D00F58D94 /* CoreDataEvolution */; };
		E41286F12A62E6840093D598 /* KeychainSwift in Frameworks */ = {isa = PBXBuildFile; productRef = E41286F02A62E6840093D598 /* KeychainSwift */; };
		E43AFB5D2F140CA0001BD306 /* AsyncAlgorithms in Frameworks */ = {isa = PBXBuildFile; productRef = E4ASYNC012E3A5B0100ASYNC /* AsyncAlgorithms */; };
		E458C8202AD11D35000DCA5C /* SwiftyJSON in Frameworks */ = {isa = PBXBuildFile; productRef = E458C81F2AD11D35000DCA5C /* SwiftyJSON */; };
		E458C8222AD11D40000DCA5C /* Alamofire in Frameworks */ = {isa = PBXBuildFile; productRef = E458C8212AD11D40000DCA5C /* Alamofire */; };
		E458C8242AD11D7F000DCA5C /* KeychainSwift in Frameworks */ = {isa = PBXBuildFile; productRef = E458C8232AD11D7F000DCA5C /* KeychainSwift */; };
		E458C8292AD12057000DCA5C /* OrderedCollections in Frameworks */ = {isa = PBXBuildFile; productRef = E458C8282AD12057000DCA5C /* OrderedCollections */; };
		E458C8352AD1266B000DCA5C /* SwiftyJSON in Frameworks */ = {isa = PBXBuildFile; productRef = E458C8342AD1266B000DCA5C /* SwiftyJSON */; };
		E458C8372AD12671000DCA5C /* KeychainSwift in Frameworks */ = {isa = PBXBuildFile; productRef = E458C8362AD12671000DCA5C /* KeychainSwift */; };
		E462BA3629AC44EA00E80EF0 /* Alamofire in Frameworks */ = {isa = PBXBuildFile; productRef = E462BA3529AC44EA00E80EF0 /* Alamofire */; };
		E462BA3929AC450000E80EF0 /* AlamofireImage in Frameworks */ = {isa = PBXBuildFile; productRef = E462BA3829AC450000E80EF0 /* AlamofireImage */; };
		E462BA3C29AC453D00E80EF0 /* AlamofireNetworkActivityIndicator in Frameworks */ = {isa = PBXBuildFile; productRef = E462BA3B29AC453D00E80EF0 /* AlamofireNetworkActivityIndicator */; };
		E462BA3F29AC456500E80EF0 /* SwiftyJSON in Frameworks */ = {isa = PBXBuildFile; productRef = E462BA3E29AC456500E80EF0 /* SwiftyJSON */; };
		E462BA4229AC458B00E80EF0 /* MBProgressHUD in Frameworks */ = {isa = PBXBuildFile; productRef = E462BA4129AC458B00E80EF0 /* MBProgressHUD */; };
		E462BA4829ADAA1C00E80EF0 /* SnapKit in Frameworks */ = {isa = PBXBuildFile; productRef = E462BA4729ADAA1C00E80EF0 /* SnapKit */; };
		E462BA5A29AEF02500E80EF0 /* IQKeyboardManagerSwift in Frameworks */ = {isa = PBXBuildFile; productRef = E462BA5929AEF02500E80EF0 /* IQKeyboardManagerSwift */; };
		E4866ED22DE5426900793D6A /* SwiftyJSON in Frameworks */ = {isa = PBXBuildFile; productRef = E4866ED12DE5426900793D6A /* SwiftyJSON */; };
		E486DE2629B0403700F338B2 /* OrderedCollections in Frameworks */ = {isa = PBXBuildFile; productRef = E486DE2529B0403700F338B2 /* OrderedCollections */; };
		E57BE6E92655EBE000BA540B /* BeeKit.framework in Frameworks */ = {isa = PBXBuildFile; fileRef = E57BE6E02655EBD900BA540B /* BeeKit.framework */; };
		E57BE6F52655EBE000BA540B /* BeeKit.framework in Frameworks */ = {isa = PBXBuildFile; fileRef = E57BE6E02655EBD900BA540B /* BeeKit.framework */; };
		E57BE71B2655F03200BA540B /* BeeKit.framework in Embed Frameworks */ = {isa = PBXBuildFile; fileRef = E57BE6E02655EBD900BA540B /* BeeKit.framework */; settings = {ATTRIBUTES = (CodeSignOnCopy, RemoveHeadersOnCopy, ); }; };
/* End PBXBuildFile section */

/* Begin PBXContainerItemProxy section */
		A196CB2D1AE4142F00B90A3E /* PBXContainerItemProxy */ = {
			isa = PBXContainerItemProxy;
			containerPortal = A196CB0C1AE4142E00B90A3E /* Project object */;
			proxyType = 1;
			remoteGlobalIDString = A196CB131AE4142E00B90A3E;
			remoteInfo = BeeSwift;
		};
		E57BE6EA2655EBE000BA540B /* PBXContainerItemProxy */ = {
			isa = PBXContainerItemProxy;
			containerPortal = A196CB0C1AE4142E00B90A3E /* Project object */;
			proxyType = 1;
			remoteGlobalIDString = E57BE6DF2655EBD900BA540B;
			remoteInfo = BeeKit;
		};
		E57BE6EC2655EBE000BA540B /* PBXContainerItemProxy */ = {
			isa = PBXContainerItemProxy;
			containerPortal = A196CB0C1AE4142E00B90A3E /* Project object */;
			proxyType = 1;
			remoteGlobalIDString = A196CB131AE4142E00B90A3E;
			remoteInfo = BeeSwift;
		};
		E57BE7122655F00200BA540B /* PBXContainerItemProxy */ = {
			isa = PBXContainerItemProxy;
			containerPortal = A196CB0C1AE4142E00B90A3E /* Project object */;
			proxyType = 1;
			remoteGlobalIDString = E57BE6DF2655EBD900BA540B;
			remoteInfo = BeeKit;
		};
		E5FEFB3A24E6FAC800A076BB /* PBXContainerItemProxy */ = {
			isa = PBXContainerItemProxy;
			containerPortal = A196CB0C1AE4142E00B90A3E /* Project object */;
			proxyType = 1;
			remoteGlobalIDString = A196CB131AE4142E00B90A3E;
			remoteInfo = BeeSwift;
		};
/* End PBXContainerItemProxy section */

/* Begin PBXCopyFilesBuildPhase section */
		A1B53C401B2D04EB00AF266F /* Embed Foundation Extensions */ = {
			isa = PBXCopyFilesBuildPhase;
			buildActionMask = 12;
			dstPath = "";
			dstSubfolderSpec = 13;
			files = (
			);
			name = "Embed Foundation Extensions";
			runOnlyForDeploymentPostprocessing = 0;
		};
		E57BE71C2655F03200BA540B /* Embed Frameworks */ = {
			isa = PBXCopyFilesBuildPhase;
			buildActionMask = 2147483647;
			dstPath = "";
			dstSubfolderSpec = 10;
			files = (
				E57BE71B2655F03200BA540B /* BeeKit.framework in Embed Frameworks */,
			);
			name = "Embed Frameworks";
			runOnlyForDeploymentPostprocessing = 0;
		};
/* End PBXCopyFilesBuildPhase section */

/* Begin PBXFileReference section */
		A12BA94B1AFF201B00AFEF32 /* AddressBook.framework */ = {isa = PBXFileReference; lastKnownFileType = wrapper.framework; name = AddressBook.framework; path = System/Library/Frameworks/AddressBook.framework; sourceTree = SDKROOT; };
		A12BA94D1AFF202200AFEF32 /* SystemConfiguration.framework */ = {isa = PBXFileReference; lastKnownFileType = wrapper.framework; name = SystemConfiguration.framework; path = System/Library/Frameworks/SystemConfiguration.framework; sourceTree = SDKROOT; };
		A158DDB51E46EEA10031BD4F /* HealthKit.framework */ = {isa = PBXFileReference; lastKnownFileType = wrapper.framework; name = HealthKit.framework; path = System/Library/Frameworks/HealthKit.framework; sourceTree = SDKROOT; };
		A17E930B1B09032F0098FCA0 /* QuartzCore.framework */ = {isa = PBXFileReference; lastKnownFileType = wrapper.framework; name = QuartzCore.framework; path = System/Library/Frameworks/QuartzCore.framework; sourceTree = SDKROOT; };
		A196CB141AE4142E00B90A3E /* BeeSwift.app */ = {isa = PBXFileReference; explicitFileType = wrapper.application; includeInIndex = 0; path = BeeSwift.app; sourceTree = BUILT_PRODUCTS_DIR; };
		A196CB2C1AE4142F00B90A3E /* BeeSwiftTests.xctest */ = {isa = PBXFileReference; explicitFileType = wrapper.cfbundle; includeInIndex = 0; path = BeeSwiftTests.xctest; sourceTree = BUILT_PRODUCTS_DIR; };
		A1B53C301B2D04EA00AF266F /* NotificationCenter.framework */ = {isa = PBXFileReference; lastKnownFileType = wrapper.framework; name = NotificationCenter.framework; path = System/Library/Frameworks/NotificationCenter.framework; sourceTree = SDKROOT; };
		A1B6723D1B0989DF00584782 /* Foundation.framework */ = {isa = PBXFileReference; lastKnownFileType = wrapper.framework; name = Foundation.framework; path = System/Library/Frameworks/Foundation.framework; sourceTree = SDKROOT; };
		A1B6723F1B0989E800584782 /* UIKit.framework */ = {isa = PBXFileReference; lastKnownFileType = wrapper.framework; name = UIKit.framework; path = System/Library/Frameworks/UIKit.framework; sourceTree = SDKROOT; };
		A1B672411B0989ED00584782 /* CoreGraphics.framework */ = {isa = PBXFileReference; lastKnownFileType = wrapper.framework; name = CoreGraphics.framework; path = System/Library/Frameworks/CoreGraphics.framework; sourceTree = SDKROOT; };
		E44CE77E2993351100394E87 /* CryptoKit.framework */ = {isa = PBXFileReference; lastKnownFileType = wrapper.framework; name = CryptoKit.framework; path = System/Library/Frameworks/CryptoKit.framework; sourceTree = SDKROOT; };
		E57BE6E02655EBD900BA540B /* BeeKit.framework */ = {isa = PBXFileReference; explicitFileType = wrapper.framework; includeInIndex = 0; path = BeeKit.framework; sourceTree = BUILT_PRODUCTS_DIR; };
		E57BE6E82655EBDF00BA540B /* BeeKitTests.xctest */ = {isa = PBXFileReference; explicitFileType = wrapper.cfbundle; includeInIndex = 0; path = BeeKitTests.xctest; sourceTree = BUILT_PRODUCTS_DIR; };
		E5F7C491260FC5300095684F /* Intents.framework */ = {isa = PBXFileReference; lastKnownFileType = wrapper.framework; name = Intents.framework; path = System/Library/Frameworks/Intents.framework; sourceTree = SDKROOT; };
		E5F7C49C260FC5300095684F /* IntentsUI.framework */ = {isa = PBXFileReference; lastKnownFileType = wrapper.framework; name = IntentsUI.framework; path = System/Library/Frameworks/IntentsUI.framework; sourceTree = SDKROOT; };
		E5FEFB3524E6FAC800A076BB /* BeeSwiftUITests.xctest */ = {isa = PBXFileReference; explicitFileType = wrapper.cfbundle; includeInIndex = 0; path = BeeSwiftUITests.xctest; sourceTree = BUILT_PRODUCTS_DIR; };
/* End PBXFileReference section */

/* Begin PBXFileSystemSynchronizedBuildFileExceptionSet section */
		FSSYNCEXCEPT00000000001 /* PBXFileSystemSynchronizedBuildFileExceptionSet */ = {
			isa = PBXFileSystemSynchronizedBuildFileExceptionSet;
			membershipExceptions = (
				Config.sample.swift,
				Info.plist,
			);
			target = A196CB131AE4142E00B90A3E /* BeeSwift */;
		};
		FSSYNCEXCEPT00000000002 /* PBXFileSystemSynchronizedBuildFileExceptionSet */ = {
			isa = PBXFileSystemSynchronizedBuildFileExceptionSet;
			membershipExceptions = (
				Config.swift.sample,
				Info.plist,
			);
			target = E57BE6DF2655EBD900BA540B /* BeeKit */;
		};
		FSSYNCEXCEPT00000000003 /* PBXFileSystemSynchronizedBuildFileExceptionSet */ = {
			isa = PBXFileSystemSynchronizedBuildFileExceptionSet;
			membershipExceptions = (
				Info.plist,
			);
			target = A196CB2B1AE4142F00B90A3E /* BeeSwiftTests */;
		};
		FSSYNCEXCEPT00000000004 /* PBXFileSystemSynchronizedBuildFileExceptionSet */ = {
			isa = PBXFileSystemSynchronizedBuildFileExceptionSet;
			membershipExceptions = (
				Info.plist,
			);
			target = E57BE6E72655EBDF00BA540B /* BeeKitTests */;
		};
		FSSYNCEXCEPT00000000005 /* PBXFileSystemSynchronizedBuildFileExceptionSet */ = {
			isa = PBXFileSystemSynchronizedBuildFileExceptionSet;
			membershipExceptions = (
				Info.plist,
			);
			target = E5FEFB3424E6FAC800A076BB /* BeeSwiftUITests */;
		};
/* End PBXFileSystemSynchronizedBuildFileExceptionSet section */

/* Begin PBXFileSystemSynchronizedRootGroup section */
		FSSYNCROOT0000000000001 /* BeeSwift */ = {isa = PBXFileSystemSynchronizedRootGroup; exceptions = (FSSYNCEXCEPT00000000001 /* PBXFileSystemSynchronizedBuildFileExceptionSet */, ); explicitFileTypes = {}; explicitFolders = (); path = BeeSwift; sourceTree = "<group>"; };
		FSSYNCROOT0000000000002 /* BeeKit */ = {isa = PBXFileSystemSynchronizedRootGroup; exceptions = (FSSYNCEXCEPT00000000002 /* PBXFileSystemSynchronizedBuildFileExceptionSet */, ); explicitFileTypes = {}; explicitFolders = (); path = BeeKit; sourceTree = "<group>"; };
		FSSYNCROOT0000000000003 /* BeeSwiftTests */ = {isa = PBXFileSystemSynchronizedRootGroup; exceptions = (FSSYNCEXCEPT00000000003 /* PBXFileSystemSynchronizedBuildFileExceptionSet */, ); explicitFileTypes = {}; explicitFolders = (); path = BeeSwiftTests; sourceTree = "<group>"; };
		FSSYNCROOT0000000000004 /* BeeKitTests */ = {isa = PBXFileSystemSynchronizedRootGroup; exceptions = (FSSYNCEXCEPT00000000004 /* PBXFileSystemSynchronizedBuildFileExceptionSet */, ); explicitFileTypes = {}; explicitFolders = (); path = BeeKitTests; sourceTree = "<group>"; };
		FSSYNCROOT0000000000005 /* BeeSwiftUITests */ = {isa = PBXFileSystemSynchronizedRootGroup; exceptions = (FSSYNCEXCEPT00000000005 /* PBXFileSystemSynchronizedBuildFileExceptionSet */, ); explicitFileTypes = {}; explicitFolders = (); path = BeeSwiftUITests; sourceTree = "<group>"; };
/* End PBXFileSystemSynchronizedRootGroup section */

/* Begin PBXFrameworksBuildPhase section */
		A196CB111AE4142E00B90A3E /* Frameworks */ = {
			isa = PBXFrameworksBuildPhase;
			buildActionMask = 2147483647;
			files = (
				E43AFB5D2F140CA0001BD306 /* AsyncAlgorithms in Frameworks */,
				E462BA3F29AC456500E80EF0 /* SwiftyJSON in Frameworks */,
				E462BA4829ADAA1C00E80EF0 /* SnapKit in Frameworks */,
				A1B672421B0989ED00584782 /* CoreGraphics.framework in Frameworks */,
				E57BE6F52655EBE000BA540B /* BeeKit.framework in Frameworks */,
				A1B672401B0989E800584782 /* UIKit.framework in Frameworks */,
				E486DE2629B0403700F338B2 /* OrderedCollections in Frameworks */,
				E41286F12A62E6840093D598 /* KeychainSwift in Frameworks */,
				E462BA5A29AEF02500E80EF0 /* IQKeyboardManagerSwift in Frameworks */,
				E462BA3C29AC453D00E80EF0 /* AlamofireNetworkActivityIndicator in Frameworks */,
				A1B6723E1B0989DF00584782 /* Foundation.framework in Frameworks */,
				A17E930C1B09032F0098FCA0 /* QuartzCore.framework in Frameworks */,
				E462BA3629AC44EA00E80EF0 /* Alamofire in Frameworks */,
				E462BA3929AC450000E80EF0 /* AlamofireImage in Frameworks */,
				E462BA4229AC458B00E80EF0 /* MBProgressHUD in Frameworks */,
				A12BA94E1AFF202200AFEF32 /* SystemConfiguration.framework in Frameworks */,
				A158DDB61E46EEA10031BD4F /* HealthKit.framework in Frameworks */,
			);
			runOnlyForDeploymentPostprocessing = 0;
		};
		A196CB291AE4142F00B90A3E /* Frameworks */ = {
			isa = PBXFrameworksBuildPhase;
			buildActionMask = 2147483647;
			files = (
				E458C8372AD12671000DCA5C /* KeychainSwift in Frameworks */,
				E458C8352AD1266B000DCA5C /* SwiftyJSON in Frameworks */,
			);
			runOnlyForDeploymentPostprocessing = 0;
		};
		E57BE6DD2655EBD900BA540B /* Frameworks */ = {
			isa = PBXFrameworksBuildPhase;
			buildActionMask = 2147483647;
			files = (
				E458C8242AD11D7F000DCA5C /* KeychainSwift in Frameworks */,
				E458C8202AD11D35000DCA5C /* SwiftyJSON in Frameworks */,
				E458C8292AD12057000DCA5C /* OrderedCollections in Frameworks */,
				E4015DA22D1E7B2D00F58D94 /* CoreDataEvolution in Frameworks */,
				E458C8222AD11D40000DCA5C /* Alamofire in Frameworks */,
			);
			runOnlyForDeploymentPostprocessing = 0;
		};
		E57BE6E52655EBDF00BA540B /* Frameworks */ = {
			isa = PBXFrameworksBuildPhase;
			buildActionMask = 2147483647;
			files = (
				E4866ED22DE5426900793D6A /* SwiftyJSON in Frameworks */,
				E57BE6E92655EBE000BA540B /* BeeKit.framework in Frameworks */,
			);
			runOnlyForDeploymentPostprocessing = 0;
		};
		E5FEFB3224E6FAC800A076BB /* Frameworks */ = {
			isa = PBXFrameworksBuildPhase;
			buildActionMask = 2147483647;
			files = (
			);
			runOnlyForDeploymentPostprocessing = 0;
		};
/* End PBXFrameworksBuildPhase section */

/* Begin PBXGroup section */
		A196CB0B1AE4142E00B90A3E = {
			isa = PBXGroup;
			children = (
				FSSYNCROOT0000000000001 /* BeeSwift */,
				FSSYNCROOT0000000000003 /* BeeSwiftTests */,
				FSSYNCROOT0000000000005 /* BeeSwiftUITests */,
				FSSYNCROOT0000000000002 /* BeeKit */,
				FSSYNCROOT0000000000004 /* BeeKitTests */,
				A196CB151AE4142E00B90A3E /* Products */,
				C039E8389CFF5C0D8CF85D8D /* Frameworks */,
			);
			sourceTree = "<group>";
		};
		A196CB151AE4142E00B90A3E /* Products */ = {
			isa = PBXGroup;
			children = (
				A196CB141AE4142E00B90A3E /* BeeSwift.app */,
				A196CB2C1AE4142F00B90A3E /* BeeSwiftTests.xctest */,
				E5FEFB3524E6FAC800A076BB /* BeeSwiftUITests.xctest */,
				E57BE6E02655EBD900BA540B /* BeeKit.framework */,
				E57BE6E82655EBDF00BA540B /* BeeKitTests.xctest */,
			);
			name = Products;
			sourceTree = "<group>";
		};
		C039E8389CFF5C0D8CF85D8D /* Frameworks */ = {
			isa = PBXGroup;
			children = (
				E44CE77E2993351100394E87 /* CryptoKit.framework */,
				A158DDB51E46EEA10031BD4F /* HealthKit.framework */,
				A1B672411B0989ED00584782 /* CoreGraphics.framework */,
				A1B6723F1B0989E800584782 /* UIKit.framework */,
				A1B6723D1B0989DF00584782 /* Foundation.framework */,
				A17E930B1B09032F0098FCA0 /* QuartzCore.framework */,
				A12BA94D1AFF202200AFEF32 /* SystemConfiguration.framework */,
				A12BA94B1AFF201B00AFEF32 /* AddressBook.framework */,
				A1B53C301B2D04EA00AF266F /* NotificationCenter.framework */,
				E5F7C491260FC5300095684F /* Intents.framework */,
				E5F7C49C260FC5300095684F /* IntentsUI.framework */,
			);
			name = Frameworks;
			sourceTree = "<group>";
		};
/* End PBXGroup section */

/* Begin PBXHeadersBuildPhase section */
		E57BE6DB2655EBD900BA540B /* Headers */ = {
			isa = PBXHeadersBuildPhase;
			buildActionMask = 2147483647;
			files = (
			);
			runOnlyForDeploymentPostprocessing = 0;
		};
/* End PBXHeadersBuildPhase section */

/* Begin PBXNativeTarget section */
		A196CB131AE4142E00B90A3E /* BeeSwift */ = {
			isa = PBXNativeTarget;
			buildConfigurationList = A196CB361AE4142F00B90A3E /* Build configuration list for PBXNativeTarget "BeeSwift" */;
			buildPhases = (
				A196CB101AE4142E00B90A3E /* Sources */,
				A196CB111AE4142E00B90A3E /* Frameworks */,
				A196CB121AE4142E00B90A3E /* Resources */,
				A1B53C401B2D04EB00AF266F /* Embed Foundation Extensions */,
				E57BE71C2655F03200BA540B /* Embed Frameworks */,
			);
			buildRules = (
			);
			dependencies = (
				E57BE7132655F00200BA540B /* PBXTargetDependency */,
			);
			fileSystemSynchronizedGroups = (
				FSSYNCROOT0000000000001 /* BeeSwift */,
			);
			name = BeeSwift;
			packageProductDependencies = (
				E462BA3529AC44EA00E80EF0 /* Alamofire */,
				E462BA3829AC450000E80EF0 /* AlamofireImage */,
				E462BA3B29AC453D00E80EF0 /* AlamofireNetworkActivityIndicator */,
				E462BA3E29AC456500E80EF0 /* SwiftyJSON */,
				E462BA4129AC458B00E80EF0 /* MBProgressHUD */,
				E462BA4729ADAA1C00E80EF0 /* SnapKit */,
				E462BA5929AEF02500E80EF0 /* IQKeyboardManagerSwift */,
				E486DE2529B0403700F338B2 /* OrderedCollections */,
				E41286F02A62E6840093D598 /* KeychainSwift */,
				E4ASYNC012E3A5B0100ASYNC /* AsyncAlgorithms */,
			);
			productName = BeeSwift;
			productReference = A196CB141AE4142E00B90A3E /* BeeSwift.app */;
			productType = "com.apple.product-type.application";
		};
		A196CB2B1AE4142F00B90A3E /* BeeSwiftTests */ = {
			isa = PBXNativeTarget;
			buildConfigurationList = A196CB391AE4142F00B90A3E /* Build configuration list for PBXNativeTarget "BeeSwiftTests" */;
			buildPhases = (
				A196CB281AE4142F00B90A3E /* Sources */,
				A196CB291AE4142F00B90A3E /* Frameworks */,
				A196CB2A1AE4142F00B90A3E /* Resources */,
			);
			buildRules = (
			);
			dependencies = (
				A196CB2E1AE4142F00B90A3E /* PBXTargetDependency */,
			);
			fileSystemSynchronizedGroups = (
				FSSYNCROOT0000000000003 /* BeeSwiftTests */,
			);
			name = BeeSwiftTests;
			packageProductDependencies = (
				E458C8342AD1266B000DCA5C /* SwiftyJSON */,
				E458C8362AD12671000DCA5C /* KeychainSwift */,
			);
			productName = BeeSwiftTests;
			productReference = A196CB2C1AE4142F00B90A3E /* BeeSwiftTests.xctest */;
			productType = "com.apple.product-type.bundle.unit-test";
		};
		E57BE6DF2655EBD900BA540B /* BeeKit */ = {
			isa = PBXNativeTarget;
			buildConfigurationList = E57BE6FC2655EBE400BA540B /* Build configuration list for PBXNativeTarget "BeeKit" */;
			buildPhases = (
				E57BE6DB2655EBD900BA540B /* Headers */,
				E57BE6DC2655EBD900BA540B /* Sources */,
				E57BE6DD2655EBD900BA540B /* Frameworks */,
				E57BE6DE2655EBD900BA540B /* Resources */,
			);
			buildRules = (
			);
			dependencies = (
			);
			fileSystemSynchronizedGroups = (
				FSSYNCROOT0000000000002 /* BeeKit */,
			);
			name = BeeKit;
			packageProductDependencies = (
				E458C81F2AD11D35000DCA5C /* SwiftyJSON */,
				E458C8212AD11D40000DCA5C /* Alamofire */,
				E458C8232AD11D7F000DCA5C /* KeychainSwift */,
				E458C8282AD12057000DCA5C /* OrderedCollections */,
				E4015DA12D1E7B2D00F58D94 /* CoreDataEvolution */,
			);
			productName = BeeKit;
			productReference = E57BE6E02655EBD900BA540B /* BeeKit.framework */;
			productType = "com.apple.product-type.framework";
		};
		E57BE6E72655EBDF00BA540B /* BeeKitTests */ = {
			isa = PBXNativeTarget;
			buildConfigurationList = E57BE6FD2655EBE400BA540B /* Build configuration list for PBXNativeTarget "BeeKitTests" */;
			buildPhases = (
				E57BE6E42655EBDF00BA540B /* Sources */,
				E57BE6E52655EBDF00BA540B /* Frameworks */,
				E57BE6E62655EBDF00BA540B /* Resources */,
			);
			buildRules = (
			);
			dependencies = (
				E57BE6EB2655EBE000BA540B /* PBXTargetDependency */,
				E57BE6ED2655EBE000BA540B /* PBXTargetDependency */,
			);
			fileSystemSynchronizedGroups = (
				FSSYNCROOT0000000000004 /* BeeKitTests */,
			);
			name = BeeKitTests;
			packageProductDependencies = (
				E4866ED12DE5426900793D6A /* SwiftyJSON */,
			);
			productName = BeeKitTests;
			productReference = E57BE6E82655EBDF00BA540B /* BeeKitTests.xctest */;
			productType = "com.apple.product-type.bundle.unit-test";
		};
		E5FEFB3424E6FAC800A076BB /* BeeSwiftUITests */ = {
			isa = PBXNativeTarget;
			buildConfigurationList = E5FEFB3C24E6FAC800A076BB /* Build configuration list for PBXNativeTarget "BeeSwiftUITests" */;
			buildPhases = (
				E5FEFB3124E6FAC800A076BB /* Sources */,
				E5FEFB3224E6FAC800A076BB /* Frameworks */,
				E5FEFB3324E6FAC800A076BB /* Resources */,
			);
			buildRules = (
			);
			dependencies = (
				E5FEFB3B24E6FAC800A076BB /* PBXTargetDependency */,
			);
			fileSystemSynchronizedGroups = (
				FSSYNCROOT0000000000005 /* BeeSwiftUITests */,
			);
			name = BeeSwiftUITests;
			productName = BeeSwiftUITests;
			productReference = E5FEFB3524E6FAC800A076BB /* BeeSwiftUITests.xctest */;
			productType = "com.apple.product-type.bundle.ui-testing";
		};
/* End PBXNativeTarget section */

/* Begin PBXProject section */
		A196CB0C1AE4142E00B90A3E /* Project object */ = {
			isa = PBXProject;
			attributes = {
				BuildIndependentTargetsInParallel = YES;
				LastSwiftMigration = 0710;
				LastSwiftUpdateCheck = 1240;
				LastUpgradeCheck = 1500;
				ORGANIZATIONNAME = APB;
				TargetAttributes = {
					A196CB131AE4142E00B90A3E = {
						CreatedOnToolsVersion = 6.3;
						LastSwiftMigration = 1240;
						SystemCapabilities = {
							com.apple.ApplicationGroups.iOS = {
								enabled = 1;
							};
							com.apple.BackgroundModes = {
								enabled = 1;
							};
							com.apple.HealthKit = {
								enabled = 1;
							};
							com.apple.InAppPurchase = {
								enabled = 0;
							};
							com.apple.Push = {
								enabled = 1;
							};
							com.apple.SafariKeychain = {
								enabled = 1;
							};
						};
					};
					A196CB2B1AE4142F00B90A3E = {
						CreatedOnToolsVersion = 6.3;
						LastSwiftMigration = 1240;
						TestTargetID = A196CB131AE4142E00B90A3E;
					};
					E57BE6DF2655EBD900BA540B = {
						CreatedOnToolsVersion = 12.4;
					};
					E57BE6E72655EBDF00BA540B = {
						CreatedOnToolsVersion = 12.4;
						DevelopmentTeam = 8TW9V9HVES;
						ProvisioningStyle = Automatic;
						TestTargetID = A196CB131AE4142E00B90A3E;
					};
					E5FEFB3424E6FAC800A076BB = {
						CreatedOnToolsVersion = 11.3.1;
						DevelopmentTeam = 8TW9V9HVES;
						ProvisioningStyle = Automatic;
						TestTargetID = A196CB131AE4142E00B90A3E;
					};
				};
			};
			buildConfigurationList = A196CB0F1AE4142E00B90A3E /* Build configuration list for PBXProject "BeeSwift" */;
			compatibilityVersion = "Xcode 3.2";
			developmentRegion = en;
			hasScannedForEncodings = 0;
			knownRegions = (
				en,
				Base,
			);
			mainGroup = A196CB0B1AE4142E00B90A3E;
			packageReferences = (
				E462BA3429AC44EA00E80EF0 /* XCRemoteSwiftPackageReference "Alamofire" */,
				E462BA3729AC450000E80EF0 /* XCRemoteSwiftPackageReference "AlamofireImage" */,
				E462BA3A29AC453D00E80EF0 /* XCRemoteSwiftPackageReference "AlamofireNetworkActivityIndicator" */,
				E462BA3D29AC456500E80EF0 /* XCRemoteSwiftPackageReference "SwiftyJSON" */,
				E462BA4029AC458B00E80EF0 /* XCRemoteSwiftPackageReference "MBProgressHUD" */,
				E462BA4629ADAA1C00E80EF0 /* XCRemoteSwiftPackageReference "SnapKit" */,
				E462BA5829AEF02500E80EF0 /* XCRemoteSwiftPackageReference "IQKeyboardManager" */,
				E486DE2429B0403700F338B2 /* XCRemoteSwiftPackageReference "swift-collections" */,
				E41286EF2A62E6840093D598 /* XCRemoteSwiftPackageReference "keychain-swift" */,
				E4015DA02D1E7B2D00F58D94 /* XCRemoteSwiftPackageReference "CoreDataEvolution" */,
				E4ASYNC002E3A5B0100ASYNC /* XCRemoteSwiftPackageReference "swift-async-algorithms" */,
			);
			productRefGroup = A196CB151AE4142E00B90A3E /* Products */;
			projectDirPath = "";
			projectRoot = "";
			targets = (
				A196CB131AE4142E00B90A3E /* BeeSwift */,
				A196CB2B1AE4142F00B90A3E /* BeeSwiftTests */,
				E5FEFB3424E6FAC800A076BB /* BeeSwiftUITests */,
				E57BE6DF2655EBD900BA540B /* BeeKit */,
				E57BE6E72655EBDF00BA540B /* BeeKitTests */,
			);
		};
/* End PBXProject section */

/* Begin PBXResourcesBuildPhase section */
		A196CB121AE4142E00B90A3E /* Resources */ = {
			isa = PBXResourcesBuildPhase;
			buildActionMask = 2147483647;
			files = (
			);
			runOnlyForDeploymentPostprocessing = 0;
		};
		A196CB2A1AE4142F00B90A3E /* Resources */ = {
			isa = PBXResourcesBuildPhase;
			buildActionMask = 2147483647;
			files = (
			);
			runOnlyForDeploymentPostprocessing = 0;
		};
		E57BE6DE2655EBD900BA540B /* Resources */ = {
			isa = PBXResourcesBuildPhase;
			buildActionMask = 2147483647;
			files = (
			);
			runOnlyForDeploymentPostprocessing = 0;
		};
		E57BE6E62655EBDF00BA540B /* Resources */ = {
			isa = PBXResourcesBuildPhase;
			buildActionMask = 2147483647;
			files = (
			);
			runOnlyForDeploymentPostprocessing = 0;
		};
		E5FEFB3324E6FAC800A076BB /* Resources */ = {
			isa = PBXResourcesBuildPhase;
			buildActionMask = 2147483647;
			files = (
			);
			runOnlyForDeploymentPostprocessing = 0;
		};
/* End PBXResourcesBuildPhase section */

/* Begin PBXSourcesBuildPhase section */
		A196CB101AE4142E00B90A3E /* Sources */ = {
			isa = PBXSourcesBuildPhase;
			buildActionMask = 2147483647;
			files = (
			);
			runOnlyForDeploymentPostprocessing = 0;
		};
		A196CB281AE4142F00B90A3E /* Sources */ = {
			isa = PBXSourcesBuildPhase;
			buildActionMask = 2147483647;
			files = (
			);
			runOnlyForDeploymentPostprocessing = 0;
		};
		E57BE6DC2655EBD900BA540B /* Sources */ = {
			isa = PBXSourcesBuildPhase;
			buildActionMask = 2147483647;
			files = (
			);
			runOnlyForDeploymentPostprocessing = 0;
		};
		E57BE6E42655EBDF00BA540B /* Sources */ = {
			isa = PBXSourcesBuildPhase;
			buildActionMask = 2147483647;
			files = (
			);
			runOnlyForDeploymentPostprocessing = 0;
		};
		E5FEFB3124E6FAC800A076BB /* Sources */ = {
			isa = PBXSourcesBuildPhase;
			buildActionMask = 2147483647;
			files = (
			);
			runOnlyForDeploymentPostprocessing = 0;
		};
/* End PBXSourcesBuildPhase section */

/* Begin PBXTargetDependency section */
		A196CB2E1AE4142F00B90A3E /* PBXTargetDependency */ = {
			isa = PBXTargetDependency;
			target = A196CB131AE4142E00B90A3E /* BeeSwift */;
			targetProxy = A196CB2D1AE4142F00B90A3E /* PBXContainerItemProxy */;
		};
		E57BE6EB2655EBE000BA540B /* PBXTargetDependency */ = {
			isa = PBXTargetDependency;
			target = E57BE6DF2655EBD900BA540B /* BeeKit */;
			targetProxy = E57BE6EA2655EBE000BA540B /* PBXContainerItemProxy */;
		};
		E57BE6ED2655EBE000BA540B /* PBXTargetDependency */ = {
			isa = PBXTargetDependency;
			target = A196CB131AE4142E00B90A3E /* BeeSwift */;
			targetProxy = E57BE6EC2655EBE000BA540B /* PBXContainerItemProxy */;
		};
		E57BE7132655F00200BA540B /* PBXTargetDependency */ = {
			isa = PBXTargetDependency;
			target = E57BE6DF2655EBD900BA540B /* BeeKit */;
			targetProxy = E57BE7122655F00200BA540B /* PBXContainerItemProxy */;
		};
		E5FEFB3B24E6FAC800A076BB /* PBXTargetDependency */ = {
			isa = PBXTargetDependency;
			target = A196CB131AE4142E00B90A3E /* BeeSwift */;
			targetProxy = E5FEFB3A24E6FAC800A076BB /* PBXContainerItemProxy */;
		};
/* End PBXTargetDependency section */

/* Begin XCBuildConfiguration section */
		A196CB341AE4142F00B90A3E /* Debug */ = {
			isa = XCBuildConfiguration;
			buildSettings = {
				ALWAYS_SEARCH_USER_PATHS = NO;
				ASSETCATALOG_COMPILER_GENERATE_SWIFT_ASSET_SYMBOL_EXTENSIONS = YES;
				CLANG_ANALYZER_LOCALIZABILITY_NONLOCALIZED = YES;
				CLANG_CXX_LANGUAGE_STANDARD = "gnu++0x";
				CLANG_CXX_LIBRARY = "libc++";
				CLANG_ENABLE_MODULES = YES;
				CLANG_ENABLE_OBJC_ARC = YES;
				CLANG_WARN_BLOCK_CAPTURE_AUTORELEASING = YES;
				CLANG_WARN_BOOL_CONVERSION = YES;
				CLANG_WARN_COMMA = YES;
				CLANG_WARN_CONSTANT_CONVERSION = YES;
				CLANG_WARN_DEPRECATED_OBJC_IMPLEMENTATIONS = YES;
				CLANG_WARN_DIRECT_OBJC_ISA_USAGE = YES_ERROR;
				CLANG_WARN_EMPTY_BODY = YES;
				CLANG_WARN_ENUM_CONVERSION = YES;
				CLANG_WARN_INFINITE_RECURSION = YES;
				CLANG_WARN_INT_CONVERSION = YES;
				CLANG_WARN_NON_LITERAL_NULL_CONVERSION = YES;
				CLANG_WARN_OBJC_IMPLICIT_RETAIN_SELF = YES;
				CLANG_WARN_OBJC_LITERAL_CONVERSION = YES;
				CLANG_WARN_OBJC_ROOT_CLASS = YES_ERROR;
				CLANG_WARN_QUOTED_INCLUDE_IN_FRAMEWORK_HEADER = YES;
				CLANG_WARN_RANGE_LOOP_ANALYSIS = YES;
				CLANG_WARN_STRICT_PROTOTYPES = YES;
				CLANG_WARN_SUSPICIOUS_MOVE = YES;
				CLANG_WARN_UNREACHABLE_CODE = YES;
				CLANG_WARN__DUPLICATE_METHOD_MATCH = YES;
				CODE_SIGN_IDENTITY = "iPhone Developer";
				"CODE_SIGN_IDENTITY[sdk=iphoneos*]" = "iPhone Developer";
				COPY_PHASE_STRIP = NO;
				CURRENT_PROJECT_VERSION = 0;
				DEBUG_INFORMATION_FORMAT = "dwarf-with-dsym";
				ENABLE_STRICT_OBJC_MSGSEND = YES;
				ENABLE_TESTABILITY = YES;
				ENABLE_USER_SCRIPT_SANDBOXING = YES;
				EXCLUDED_ARCHS = "";
				GCC_C_LANGUAGE_STANDARD = gnu99;
				GCC_DYNAMIC_NO_PIC = NO;
				GCC_NO_COMMON_BLOCKS = YES;
				GCC_OPTIMIZATION_LEVEL = 0;
				GCC_PREPROCESSOR_DEFINITIONS = (
					"DEBUG=1",
					"$(inherited)",
				);
				GCC_SYMBOLS_PRIVATE_EXTERN = NO;
				GCC_WARN_64_TO_32_BIT_CONVERSION = YES;
				GCC_WARN_ABOUT_RETURN_TYPE = YES_ERROR;
				GCC_WARN_UNDECLARED_SELECTOR = YES;
				GCC_WARN_UNINITIALIZED_AUTOS = YES_AGGRESSIVE;
				GCC_WARN_UNUSED_FUNCTION = YES;
				GCC_WARN_UNUSED_VARIABLE = YES;
				IPHONEOS_DEPLOYMENT_TARGET = 18.0;
				MOMC_NO_INVERSE_RELATIONSHIP_WARNINGS = YES;
				MTL_ENABLE_DEBUG_INFO = YES;
				ONLY_ACTIVE_ARCH = YES;
				PROVISIONING_PROFILE = "";
				SDKROOT = iphoneos;
				SWIFT_OPTIMIZATION_LEVEL = "-Onone";
				TARGETED_DEVICE_FAMILY = "1,2";
			};
			name = Debug;
		};
		A196CB351AE4142F00B90A3E /* Release */ = {
			isa = XCBuildConfiguration;
			buildSettings = {
				ALWAYS_SEARCH_USER_PATHS = NO;
				ASSETCATALOG_COMPILER_GENERATE_SWIFT_ASSET_SYMBOL_EXTENSIONS = YES;
				CLANG_ANALYZER_LOCALIZABILITY_NONLOCALIZED = YES;
				CLANG_CXX_LANGUAGE_STANDARD = "gnu++0x";
				CLANG_CXX_LIBRARY = "libc++";
				CLANG_ENABLE_MODULES = YES;
				CLANG_ENABLE_OBJC_ARC = YES;
				CLANG_WARN_BLOCK_CAPTURE_AUTORELEASING = YES;
				CLANG_WARN_BOOL_CONVERSION = YES;
				CLANG_WARN_COMMA = YES;
				CLANG_WARN_CONSTANT_CONVERSION = YES;
				CLANG_WARN_DEPRECATED_OBJC_IMPLEMENTATIONS = YES;
				CLANG_WARN_DIRECT_OBJC_ISA_USAGE = YES_ERROR;
				CLANG_WARN_EMPTY_BODY = YES;
				CLANG_WARN_ENUM_CONVERSION = YES;
				CLANG_WARN_INFINITE_RECURSION = YES;
				CLANG_WARN_INT_CONVERSION = YES;
				CLANG_WARN_NON_LITERAL_NULL_CONVERSION = YES;
				CLANG_WARN_OBJC_IMPLICIT_RETAIN_SELF = YES;
				CLANG_WARN_OBJC_LITERAL_CONVERSION = YES;
				CLANG_WARN_OBJC_ROOT_CLASS = YES_ERROR;
				CLANG_WARN_QUOTED_INCLUDE_IN_FRAMEWORK_HEADER = YES;
				CLANG_WARN_RANGE_LOOP_ANALYSIS = YES;
				CLANG_WARN_STRICT_PROTOTYPES = YES;
				CLANG_WARN_SUSPICIOUS_MOVE = YES;
				CLANG_WARN_UNREACHABLE_CODE = YES;
				CLANG_WARN__DUPLICATE_METHOD_MATCH = YES;
				CODE_SIGN_IDENTITY = "iPhone Distribution";
				"CODE_SIGN_IDENTITY[sdk=iphoneos*]" = "iPhone Distribution";
				COPY_PHASE_STRIP = NO;
				CURRENT_PROJECT_VERSION = 0;
				DEBUG_INFORMATION_FORMAT = "dwarf-with-dsym";
				ENABLE_NS_ASSERTIONS = NO;
				ENABLE_STRICT_OBJC_MSGSEND = YES;
				ENABLE_USER_SCRIPT_SANDBOXING = YES;
				EXCLUDED_ARCHS = "";
				GCC_C_LANGUAGE_STANDARD = gnu99;
				GCC_NO_COMMON_BLOCKS = YES;
				GCC_WARN_64_TO_32_BIT_CONVERSION = YES;
				GCC_WARN_ABOUT_RETURN_TYPE = YES_ERROR;
				GCC_WARN_UNDECLARED_SELECTOR = YES;
				GCC_WARN_UNINITIALIZED_AUTOS = YES_AGGRESSIVE;
				GCC_WARN_UNUSED_FUNCTION = YES;
				GCC_WARN_UNUSED_VARIABLE = YES;
				IPHONEOS_DEPLOYMENT_TARGET = 18.0;
				MOMC_NO_INVERSE_RELATIONSHIP_WARNINGS = YES;
				MTL_ENABLE_DEBUG_INFO = NO;
				PROVISIONING_PROFILE = "";
				SDKROOT = iphoneos;
				SWIFT_COMPILATION_MODE = wholemodule;
				SWIFT_OPTIMIZATION_LEVEL = "-O";
				TARGETED_DEVICE_FAMILY = "1,2";
				VALIDATE_PRODUCT = YES;
			};
			name = Release;
		};
		A196CB371AE4142F00B90A3E /* Debug */ = {
			isa = XCBuildConfiguration;
			buildSettings = {
				ARCHS = "$(ARCHS_STANDARD)";
				ASSETCATALOG_COMPILER_APPICON_NAME = AppIcon;
				CLANG_ENABLE_MODULES = YES;
				CODE_SIGN_ENTITLEMENTS = BeeSwift/BeeSwift.entitlements;
				CODE_SIGN_IDENTITY = "Apple Development";
				CODE_SIGN_STYLE = Automatic;
				DEVELOPMENT_TEAM = 8TW9V9HVES;
				ENABLE_BITCODE = NO;
				EXCLUDED_ARCHS = "";
				FRAMEWORK_SEARCH_PATHS = (
					"$(inherited)",
					"$(PROJECT_DIR)",
				);
				INFOPLIST_FILE = BeeSwift/Info.plist;
				INTENTS_CODEGEN_LANGUAGE = Swift;
				IPHONEOS_DEPLOYMENT_TARGET = 18.0;
				LD_RUNPATH_SEARCH_PATHS = (
					"$(inherited)",
					"@executable_path/Frameworks",
				);
				PRODUCT_BUNDLE_IDENTIFIER = com.beeminder.beeminder;
				PRODUCT_NAME = BeeSwift;
				PROVISIONING_PROFILE = "";
				PROVISIONING_PROFILE_SPECIFIER = "";
				SWIFT_OBJC_BRIDGING_HEADER = "BeeSwift/BeeSwift-Bridging-Header.h";
				"SWIFT_OBJC_BRIDGING_HEADER[arch=*]" = "BeeSwift/BeeSwift-Bridging-Header.h";
				SWIFT_OPTIMIZATION_LEVEL = "-Onone";
				SWIFT_SWIFT3_OBJC_INFERENCE = Default;
				SWIFT_VERSION = 5.0;
			};
			name = Debug;
		};
		A196CB381AE4142F00B90A3E /* Release */ = {
			isa = XCBuildConfiguration;
			buildSettings = {
				ARCHS = "$(ARCHS_STANDARD)";
				ASSETCATALOG_COMPILER_APPICON_NAME = AppIcon;
				CLANG_ENABLE_MODULES = YES;
				CODE_SIGN_ENTITLEMENTS = BeeSwift/BeeSwift.entitlements;
				CODE_SIGN_IDENTITY = "Apple Development";
				"CODE_SIGN_IDENTITY[sdk=iphoneos*]" = "Apple Development";
				CODE_SIGN_STYLE = Automatic;
				DEVELOPMENT_TEAM = 8TW9V9HVES;
				ENABLE_BITCODE = NO;
				EXCLUDED_ARCHS = "";
				FRAMEWORK_SEARCH_PATHS = (
					"$(inherited)",
					"$(PROJECT_DIR)",
				);
				INFOPLIST_FILE = BeeSwift/Info.plist;
				INTENTS_CODEGEN_LANGUAGE = Swift;
				IPHONEOS_DEPLOYMENT_TARGET = 18.0;
				LD_RUNPATH_SEARCH_PATHS = (
					"$(inherited)",
					"@executable_path/Frameworks",
				);
				PRODUCT_BUNDLE_IDENTIFIER = com.beeminder.beeminder;
				PRODUCT_NAME = BeeSwift;
				PROVISIONING_PROFILE = "";
				PROVISIONING_PROFILE_SPECIFIER = "";
				SWIFT_OBJC_BRIDGING_HEADER = "BeeSwift/BeeSwift-Bridging-Header.h";
				"SWIFT_OBJC_BRIDGING_HEADER[arch=*]" = "BeeSwift/BeeSwift-Bridging-Header.h";
				SWIFT_SWIFT3_OBJC_INFERENCE = Default;
				SWIFT_VERSION = 5.0;
			};
			name = Release;
		};
		A196CB3A1AE4142F00B90A3E /* Debug */ = {
			isa = XCBuildConfiguration;
			buildSettings = {
				BUNDLE_LOADER = "$(TEST_HOST)";
				EXCLUDED_ARCHS = "";
				FRAMEWORK_SEARCH_PATHS = (
					"$(SDKROOT)/Developer/Library/Frameworks",
					"$(inherited)",
				);
				GCC_PREPROCESSOR_DEFINITIONS = (
					"DEBUG=1",
					"$(inherited)",
				);
				INFOPLIST_FILE = BeeSwiftTests/Info.plist;
				LD_RUNPATH_SEARCH_PATHS = (
					"$(inherited)",
					"@executable_path/Frameworks",
					"@loader_path/Frameworks",
				);
				PRODUCT_BUNDLE_IDENTIFIER = "com.beeminder.$(PRODUCT_NAME:rfc1034identifier)";
				PRODUCT_NAME = "$(TARGET_NAME)";
				SWIFT_SWIFT3_OBJC_INFERENCE = Default;
				SWIFT_VERSION = 5.0;
				TEST_HOST = "$(BUILT_PRODUCTS_DIR)/BeeSwift.app/BeeSwift";
			};
			name = Debug;
		};
		A196CB3B1AE4142F00B90A3E /* Release */ = {
			isa = XCBuildConfiguration;
			buildSettings = {
				BUNDLE_LOADER = "$(TEST_HOST)";
				EXCLUDED_ARCHS = "";
				FRAMEWORK_SEARCH_PATHS = (
					"$(SDKROOT)/Developer/Library/Frameworks",
					"$(inherited)",
				);
				INFOPLIST_FILE = BeeSwiftTests/Info.plist;
				LD_RUNPATH_SEARCH_PATHS = (
					"$(inherited)",
					"@executable_path/Frameworks",
					"@loader_path/Frameworks",
				);
				PRODUCT_BUNDLE_IDENTIFIER = "com.beeminder.$(PRODUCT_NAME:rfc1034identifier)";
				PRODUCT_NAME = "$(TARGET_NAME)";
				SWIFT_SWIFT3_OBJC_INFERENCE = Default;
				SWIFT_VERSION = 5.0;
				TEST_HOST = "$(BUILT_PRODUCTS_DIR)/BeeSwift.app/BeeSwift";
			};
			name = Release;
		};
		E57BE6F82655EBE400BA540B /* Debug */ = {
			isa = XCBuildConfiguration;
			buildSettings = {
				CODE_SIGN_IDENTITY = "Apple Development";
				CODE_SIGN_STYLE = Automatic;
				CURRENT_PROJECT_VERSION = 1;
				DEFINES_MODULE = YES;
				DEVELOPMENT_TEAM = 8TW9V9HVES;
				DYLIB_COMPATIBILITY_VERSION = 1;
				DYLIB_CURRENT_VERSION = 1;
				DYLIB_INSTALL_NAME_BASE = "@rpath";
				GENERATE_INFOPLIST_FILE = YES;
				INFOPLIST_FILE = BeeKit/Info.plist;
				INFOPLIST_KEY_NSHumanReadableCopyright = "";
				INSTALL_PATH = "$(LOCAL_LIBRARY_DIR)/Frameworks";
				LD_RUNPATH_SEARCH_PATHS = (
					"$(inherited)",
					"@executable_path/Frameworks",
					"@loader_path/Frameworks",
				);
				MARKETING_VERSION = 1.0;
				PRODUCT_BUNDLE_IDENTIFIER = com.beeminder.BeeKit;
				PRODUCT_NAME = "$(TARGET_NAME:c99extidentifier)";
				SKIP_INSTALL = YES;
				SWIFT_OPTIMIZATION_LEVEL = "-Onone";
				SWIFT_VERSION = 5.0;
				TARGETED_DEVICE_FAMILY = "1,2";
			};
			name = Debug;
		};
		E57BE6F92655EBE400BA540B /* Release */ = {
			isa = XCBuildConfiguration;
			buildSettings = {
				CODE_SIGN_IDENTITY = "Apple Development";
				"CODE_SIGN_IDENTITY[sdk=macosx*]" = "Apple Development";
				CODE_SIGN_STYLE = Automatic;
				CURRENT_PROJECT_VERSION = 1;
				DEFINES_MODULE = YES;
				DEVELOPMENT_TEAM = 8TW9V9HVES;
				DYLIB_COMPATIBILITY_VERSION = 1;
				DYLIB_CURRENT_VERSION = 1;
				DYLIB_INSTALL_NAME_BASE = "@rpath";
				GENERATE_INFOPLIST_FILE = YES;
				INFOPLIST_FILE = BeeKit/Info.plist;
				INFOPLIST_KEY_NSHumanReadableCopyright = "";
				INSTALL_PATH = "$(LOCAL_LIBRARY_DIR)/Frameworks";
				LD_RUNPATH_SEARCH_PATHS = (
					"$(inherited)",
					"@executable_path/Frameworks",
					"@loader_path/Frameworks",
				);
				MARKETING_VERSION = 1.0;
				PRODUCT_BUNDLE_IDENTIFIER = com.beeminder.BeeKit;
				PRODUCT_NAME = "$(TARGET_NAME:c99extidentifier)";
				SKIP_INSTALL = YES;
				SWIFT_VERSION = 5.0;
				TARGETED_DEVICE_FAMILY = "1,2";
			};
			name = Release;
		};
		E57BE6FA2655EBE400BA540B /* Debug */ = {
			isa = XCBuildConfiguration;
			buildSettings = {
				CODE_SIGN_STYLE = Automatic;
				CURRENT_PROJECT_VERSION = 1;
				DEVELOPMENT_TEAM = 8TW9V9HVES;
				GENERATE_INFOPLIST_FILE = YES;
				INFOPLIST_FILE = BeeKitTests/Info.plist;
				LD_RUNPATH_SEARCH_PATHS = (
					"$(inherited)",
					"@executable_path/Frameworks",
					"@loader_path/Frameworks",
				);
				MARKETING_VERSION = 1.0;
				PRODUCT_BUNDLE_IDENTIFIER = com.beeminder.BeeKitTests;
				PRODUCT_NAME = "$(TARGET_NAME)";
				SWIFT_VERSION = 5.0;
				TARGETED_DEVICE_FAMILY = "1,2";
				TEST_HOST = "$(BUILT_PRODUCTS_DIR)/BeeSwift.app/BeeSwift";
			};
			name = Debug;
		};
		E57BE6FB2655EBE400BA540B /* Release */ = {
			isa = XCBuildConfiguration;
			buildSettings = {
				CODE_SIGN_STYLE = Automatic;
				CURRENT_PROJECT_VERSION = 1;
				DEVELOPMENT_TEAM = 8TW9V9HVES;
				GENERATE_INFOPLIST_FILE = YES;
				INFOPLIST_FILE = BeeKitTests/Info.plist;
				LD_RUNPATH_SEARCH_PATHS = (
					"$(inherited)",
					"@executable_path/Frameworks",
					"@loader_path/Frameworks",
				);
				MARKETING_VERSION = 1.0;
				PRODUCT_BUNDLE_IDENTIFIER = com.beeminder.BeeKitTests;
				PRODUCT_NAME = "$(TARGET_NAME)";
				SWIFT_VERSION = 5.0;
				TARGETED_DEVICE_FAMILY = "1,2";
				TEST_HOST = "$(BUILT_PRODUCTS_DIR)/BeeSwift.app/BeeSwift";
			};
			name = Release;
		};
		E5FEFB3D24E6FAC800A076BB /* Debug */ = {
			isa = XCBuildConfiguration;
			buildSettings = {
				CODE_SIGN_STYLE = Automatic;
				DEVELOPMENT_TEAM = 8TW9V9HVES;
				INFOPLIST_FILE = BeeSwiftUITests/Info.plist;
				LD_RUNPATH_SEARCH_PATHS = (
					"$(inherited)",
					"@executable_path/Frameworks",
					"@loader_path/Frameworks",
				);
				PRODUCT_BUNDLE_IDENTIFIER = com.beeminder.BeeSwiftUITests;
				PRODUCT_NAME = "$(TARGET_NAME)";
				SWIFT_VERSION = 5.0;
				TARGETED_DEVICE_FAMILY = "1,2";
				TEST_TARGET_NAME = BeeSwift;
			};
			name = Debug;
		};
		E5FEFB3E24E6FAC800A076BB /* Release */ = {
			isa = XCBuildConfiguration;
			buildSettings = {
				CODE_SIGN_STYLE = Automatic;
				DEVELOPMENT_TEAM = 8TW9V9HVES;
				INFOPLIST_FILE = BeeSwiftUITests/Info.plist;
				LD_RUNPATH_SEARCH_PATHS = (
					"$(inherited)",
					"@executable_path/Frameworks",
					"@loader_path/Frameworks",
				);
				PRODUCT_BUNDLE_IDENTIFIER = com.beeminder.BeeSwiftUITests;
				PRODUCT_NAME = "$(TARGET_NAME)";
				SWIFT_VERSION = 5.0;
				TARGETED_DEVICE_FAMILY = "1,2";
				TEST_TARGET_NAME = BeeSwift;
			};
			name = Release;
		};
/* End XCBuildConfiguration section */

/* Begin XCConfigurationList section */
		A196CB0F1AE4142E00B90A3E /* Build configuration list for PBXProject "BeeSwift" */ = {
			isa = XCConfigurationList;
			buildConfigurations = (
				A196CB341AE4142F00B90A3E /* Debug */,
				A196CB351AE4142F00B90A3E /* Release */,
			);
			defaultConfigurationIsVisible = 0;
			defaultConfigurationName = Release;
		};
		A196CB361AE4142F00B90A3E /* Build configuration list for PBXNativeTarget "BeeSwift" */ = {
			isa = XCConfigurationList;
			buildConfigurations = (
				A196CB371AE4142F00B90A3E /* Debug */,
				A196CB381AE4142F00B90A3E /* Release */,
			);
			defaultConfigurationIsVisible = 0;
			defaultConfigurationName = Release;
		};
		A196CB391AE4142F00B90A3E /* Build configuration list for PBXNativeTarget "BeeSwiftTests" */ = {
			isa = XCConfigurationList;
			buildConfigurations = (
				A196CB3A1AE4142F00B90A3E /* Debug */,
				A196CB3B1AE4142F00B90A3E /* Release */,
			);
			defaultConfigurationIsVisible = 0;
			defaultConfigurationName = Release;
		};
		E57BE6FC2655EBE400BA540B /* Build configuration list for PBXNativeTarget "BeeKit" */ = {
			isa = XCConfigurationList;
			buildConfigurations = (
				E57BE6F82655EBE400BA540B /* Debug */,
				E57BE6F92655EBE400BA540B /* Release */,
			);
			defaultConfigurationIsVisible = 0;
			defaultConfigurationName = Release;
		};
		E57BE6FD2655EBE400BA540B /* Build configuration list for PBXNativeTarget "BeeKitTests" */ = {
			isa = XCConfigurationList;
			buildConfigurations = (
				E57BE6FA2655EBE400BA540B /* Debug */,
				E57BE6FB2655EBE400BA540B /* Release */,
			);
			defaultConfigurationIsVisible = 0;
			defaultConfigurationName = Release;
		};
		E5FEFB3C24E6FAC800A076BB /* Build configuration list for PBXNativeTarget "BeeSwiftUITests" */ = {
			isa = XCConfigurationList;
			buildConfigurations = (
				E5FEFB3D24E6FAC800A076BB /* Debug */,
				E5FEFB3E24E6FAC800A076BB /* Release */,
			);
			defaultConfigurationIsVisible = 0;
			defaultConfigurationName = Release;
		};
/* End XCConfigurationList section */

/* Begin XCRemoteSwiftPackageReference section */
		E4015DA02D1E7B2D00F58D94 /* XCRemoteSwiftPackageReference "CoreDataEvolution" */ = {
			isa = XCRemoteSwiftPackageReference;
			repositoryURL = "https://github.com/fatbobman/CoreDataEvolution";
			requirement = {
				kind = upToNextMajorVersion;
				minimumVersion = 0.2.0;
			};
		};
		E41286EF2A62E6840093D598 /* XCRemoteSwiftPackageReference "keychain-swift" */ = {
			isa = XCRemoteSwiftPackageReference;
			repositoryURL = "https://github.com/evgenyneu/keychain-swift";
			requirement = {
				kind = upToNextMajorVersion;
				minimumVersion = 20.0.0;
			};
		};
		E462BA3429AC44EA00E80EF0 /* XCRemoteSwiftPackageReference "Alamofire" */ = {
			isa = XCRemoteSwiftPackageReference;
			repositoryURL = "https://github.com/Alamofire/Alamofire";
			requirement = {
				kind = upToNextMajorVersion;
				minimumVersion = 5.0.0;
			};
		};
		E462BA3729AC450000E80EF0 /* XCRemoteSwiftPackageReference "AlamofireImage" */ = {
			isa = XCRemoteSwiftPackageReference;
			repositoryURL = "https://github.com/Alamofire/AlamofireImage";
			requirement = {
				kind = upToNextMajorVersion;
				minimumVersion = 4.0.0;
			};
		};
		E462BA3A29AC453D00E80EF0 /* XCRemoteSwiftPackageReference "AlamofireNetworkActivityIndicator" */ = {
			isa = XCRemoteSwiftPackageReference;
			repositoryURL = "https://github.com/Alamofire/AlamofireNetworkActivityIndicator";
			requirement = {
				kind = upToNextMajorVersion;
				minimumVersion = 3.0.0;
			};
		};
		E462BA3D29AC456500E80EF0 /* XCRemoteSwiftPackageReference "SwiftyJSON" */ = {
			isa = XCRemoteSwiftPackageReference;
			repositoryURL = "https://github.com/SwiftyJSON/SwiftyJSON";
			requirement = {
				kind = upToNextMajorVersion;
				minimumVersion = 5.0.0;
			};
		};
		E462BA4029AC458B00E80EF0 /* XCRemoteSwiftPackageReference "MBProgressHUD" */ = {
			isa = XCRemoteSwiftPackageReference;
			repositoryURL = "https://github.com/jdg/MBProgressHUD";
			requirement = {
				kind = upToNextMajorVersion;
				minimumVersion = 1.0.0;
			};
		};
		E462BA4629ADAA1C00E80EF0 /* XCRemoteSwiftPackageReference "SnapKit" */ = {
			isa = XCRemoteSwiftPackageReference;
			repositoryURL = "https://github.com/SnapKit/SnapKit";
			requirement = {
				kind = upToNextMajorVersion;
				minimumVersion = 5.0.0;
			};
		};
		E462BA5829AEF02500E80EF0 /* XCRemoteSwiftPackageReference "IQKeyboardManager" */ = {
			isa = XCRemoteSwiftPackageReference;
			repositoryURL = "https://github.com/hackiftekhar/IQKeyboardManager.git";
			requirement = {
				kind = upToNextMajorVersion;
				minimumVersion = 8.0.0;
			};
		};
		E486DE2429B0403700F338B2 /* XCRemoteSwiftPackageReference "swift-collections" */ = {
			isa = XCRemoteSwiftPackageReference;
			repositoryURL = "https://github.com/apple/swift-collections";
			requirement = {
				kind = upToNextMajorVersion;
				minimumVersion = 1.0.0;
			};
		};
		E4ASYNC002E3A5B0100ASYNC /* XCRemoteSwiftPackageReference "swift-async-algorithms" */ = {
			isa = XCRemoteSwiftPackageReference;
			repositoryURL = "https://github.com/apple/swift-async-algorithms";
			requirement = {
				kind = upToNextMajorVersion;
				minimumVersion = 1.0.0;
			};
		};
/* End XCRemoteSwiftPackageReference section */

/* Begin XCSwiftPackageProductDependency section */
		E4015DA12D1E7B2D00F58D94 /* CoreDataEvolution */ = {
			isa = XCSwiftPackageProductDependency;
			package = E4015DA02D1E7B2D00F58D94 /* XCRemoteSwiftPackageReference "CoreDataEvolution" */;
			productName = CoreDataEvolution;
		};
		E41286F02A62E6840093D598 /* KeychainSwift */ = {
			isa = XCSwiftPackageProductDependency;
			package = E41286EF2A62E6840093D598 /* XCRemoteSwiftPackageReference "keychain-swift" */;
			productName = KeychainSwift;
		};
		E458C81F2AD11D35000DCA5C /* SwiftyJSON */ = {
			isa = XCSwiftPackageProductDependency;
			package = E462BA3D29AC456500E80EF0 /* XCRemoteSwiftPackageReference "SwiftyJSON" */;
			productName = SwiftyJSON;
		};
		E458C8212AD11D40000DCA5C /* Alamofire */ = {
			isa = XCSwiftPackageProductDependency;
			package = E462BA3429AC44EA00E80EF0 /* XCRemoteSwiftPackageReference "Alamofire" */;
			productName = Alamofire;
		};
		E458C8232AD11D7F000DCA5C /* KeychainSwift */ = {
			isa = XCSwiftPackageProductDependency;
			package = E41286EF2A62E6840093D598 /* XCRemoteSwiftPackageReference "keychain-swift" */;
			productName = KeychainSwift;
		};
		E458C8282AD12057000DCA5C /* OrderedCollections */ = {
			isa = XCSwiftPackageProductDependency;
			package = E486DE2429B0403700F338B2 /* XCRemoteSwiftPackageReference "swift-collections" */;
			productName = OrderedCollections;
		};
		E458C8342AD1266B000DCA5C /* SwiftyJSON */ = {
			isa = XCSwiftPackageProductDependency;
			package = E462BA3D29AC456500E80EF0 /* XCRemoteSwiftPackageReference "SwiftyJSON" */;
			productName = SwiftyJSON;
		};
		E458C8362AD12671000DCA5C /* KeychainSwift */ = {
			isa = XCSwiftPackageProductDependency;
			package = E41286EF2A62E6840093D598 /* XCRemoteSwiftPackageReference "keychain-swift" */;
			productName = KeychainSwift;
		};
		E462BA3529AC44EA00E80EF0 /* Alamofire */ = {
			isa = XCSwiftPackageProductDependency;
			package = E462BA3429AC44EA00E80EF0 /* XCRemoteSwiftPackageReference "Alamofire" */;
			productName = Alamofire;
		};
		E462BA3829AC450000E80EF0 /* AlamofireImage */ = {
			isa = XCSwiftPackageProductDependency;
			package = E462BA3729AC450000E80EF0 /* XCRemoteSwiftPackageReference "AlamofireImage" */;
			productName = AlamofireImage;
		};
		E462BA3B29AC453D00E80EF0 /* AlamofireNetworkActivityIndicator */ = {
			isa = XCSwiftPackageProductDependency;
			package = E462BA3A29AC453D00E80EF0 /* XCRemoteSwiftPackageReference "AlamofireNetworkActivityIndicator" */;
			productName = AlamofireNetworkActivityIndicator;
		};
		E462BA3E29AC456500E80EF0 /* SwiftyJSON */ = {
			isa = XCSwiftPackageProductDependency;
			package = E462BA3D29AC456500E80EF0 /* XCRemoteSwiftPackageReference "SwiftyJSON" */;
			productName = SwiftyJSON;
		};
		E462BA4129AC458B00E80EF0 /* MBProgressHUD */ = {
			isa = XCSwiftPackageProductDependency;
			package = E462BA4029AC458B00E80EF0 /* XCRemoteSwiftPackageReference "MBProgressHUD" */;
			productName = MBProgressHUD;
		};
		E462BA4729ADAA1C00E80EF0 /* SnapKit */ = {
			isa = XCSwiftPackageProductDependency;
			package = E462BA4629ADAA1C00E80EF0 /* XCRemoteSwiftPackageReference "SnapKit" */;
			productName = SnapKit;
		};
		E462BA5929AEF02500E80EF0 /* IQKeyboardManagerSwift */ = {
			isa = XCSwiftPackageProductDependency;
			package = E462BA5829AEF02500E80EF0 /* XCRemoteSwiftPackageReference "IQKeyboardManager" */;
			productName = IQKeyboardManagerSwift;
		};
		E4866ED12DE5426900793D6A /* SwiftyJSON */ = {
			isa = XCSwiftPackageProductDependency;
			package = E462BA3D29AC456500E80EF0 /* XCRemoteSwiftPackageReference "SwiftyJSON" */;
			productName = SwiftyJSON;
		};
		E486DE2529B0403700F338B2 /* OrderedCollections */ = {
			isa = XCSwiftPackageProductDependency;
			package = E486DE2429B0403700F338B2 /* XCRemoteSwiftPackageReference "swift-collections" */;
			productName = OrderedCollections;
		};
		E4ASYNC012E3A5B0100ASYNC /* AsyncAlgorithms */ = {
			isa = XCSwiftPackageProductDependency;
			package = E4ASYNC002E3A5B0100ASYNC /* XCRemoteSwiftPackageReference "swift-async-algorithms" */;
			productName = AsyncAlgorithms;
		};
/* End XCSwiftPackageProductDependency section */
	};
	rootObject = A196CB0C1AE4142E00B90A3E /* Project object */;
}
